// !$*UTF8*$!
{
	archiveVersion = 1;
	classes = {
	};
	objectVersion = 52;
	objects = {

/* Begin PBXBuildFile section */
		A7006B7E254DEF9600E1342F /* IconButtonThemeEnum.swift in Sources */ = {isa = PBXBuildFile; fileRef = A7006B7D254DEF9600E1342F /* IconButtonThemeEnum.swift */; };
		A7006B8A254DFEF500E1342F /* ArtistDetailView.swift in Sources */ = {isa = PBXBuildFile; fileRef = A7006B89254DFEF500E1342F /* ArtistDetailView.swift */; };
		A7006B92254DFF0500E1342F /* ArtistDetailViewModel.swift in Sources */ = {isa = PBXBuildFile; fileRef = A7006B91254DFF0500E1342F /* ArtistDetailViewModel.swift */; };
		A7006B97254DFFDE00E1342F /* ArtistDetailModel.swift in Sources */ = {isa = PBXBuildFile; fileRef = A7006B96254DFFDE00E1342F /* ArtistDetailModel.swift */; };
		A7006B9C254E0C9F00E1342F /* Date+Formatter.swift in Sources */ = {isa = PBXBuildFile; fileRef = A7006B9B254E0C9F00E1342F /* Date+Formatter.swift */; };
		A7006BAD254F3CB600E1342F /* Image+Icons.swift in Sources */ = {isa = PBXBuildFile; fileRef = A7006BAC254F3CB600E1342F /* Image+Icons.swift */; };
		A7006BCB255065C800E1342F /* Decoder+Date.swift in Sources */ = {isa = PBXBuildFile; fileRef = A7006BCA255065C800E1342F /* Decoder+Date.swift */; };
		A70E95832557181300152D85 /* TVCategoriesListView.swift in Sources */ = {isa = PBXBuildFile; fileRef = A70E95822557181300152D85 /* TVCategoriesListView.swift */; };
		A70E958B2557182300152D85 /* TVCategoriesListViewModel.swift in Sources */ = {isa = PBXBuildFile; fileRef = A70E958A2557182300152D85 /* TVCategoriesListViewModel.swift */; };
		A70E959025571A0A00152D85 /* TVCategoryView.swift in Sources */ = {isa = PBXBuildFile; fileRef = A70E958F25571A0A00152D85 /* TVCategoryView.swift */; };
		A70E959525571A7400152D85 /* TVModel.swift in Sources */ = {isa = PBXBuildFile; fileRef = A70E959425571A7400152D85 /* TVModel.swift */; };
		A70E959A25571B1A00152D85 /* TVCategoryModel.swift in Sources */ = {isa = PBXBuildFile; fileRef = A70E959925571B1A00152D85 /* TVCategoryModel.swift */; };
		A70E959F25571BE500152D85 /* TVCategoryEnum.swift in Sources */ = {isa = PBXBuildFile; fileRef = A70E959E25571BE500152D85 /* TVCategoryEnum.swift */; };
		A7492C0A254DE574009E9BCD /* IconButtonView.swift in Sources */ = {isa = PBXBuildFile; fileRef = A7492C09254DE574009E9BCD /* IconButtonView.swift */; };
		CF317669254B90DC00C877E3 /* MuuuvieApp.swift in Sources */ = {isa = PBXBuildFile; fileRef = CF317668254B90DC00C877E3 /* MuuuvieApp.swift */; };
		CF31766B254B90DC00C877E3 /* ContentView.swift in Sources */ = {isa = PBXBuildFile; fileRef = CF31766A254B90DC00C877E3 /* ContentView.swift */; };
		CF31766D254B90DE00C877E3 /* Assets.xcassets in Resources */ = {isa = PBXBuildFile; fileRef = CF31766C254B90DE00C877E3 /* Assets.xcassets */; };
		CF317670254B90DE00C877E3 /* Preview Assets.xcassets in Resources */ = {isa = PBXBuildFile; fileRef = CF31766F254B90DE00C877E3 /* Preview Assets.xcassets */; };
		CF31767B254B90DE00C877E3 /* MuuuvieTests.swift in Sources */ = {isa = PBXBuildFile; fileRef = CF31767A254B90DE00C877E3 /* MuuuvieTests.swift */; };
		CF317686254B90DE00C877E3 /* MuuuvieUITests.swift in Sources */ = {isa = PBXBuildFile; fileRef = CF317685254B90DE00C877E3 /* MuuuvieUITests.swift */; };
		CF368837254D9C77002A1374 /* MuCardView.swift in Sources */ = {isa = PBXBuildFile; fileRef = CF368836254D9C77002A1374 /* MuCardView.swift */; };
		CF36883D254D9D72002A1374 /* Nuke in Frameworks */ = {isa = PBXBuildFile; productRef = CF36883C254D9D72002A1374 /* Nuke */; };
		CF368843254D9D95002A1374 /* FetchImage in Frameworks */ = {isa = PBXBuildFile; productRef = CF368842254D9D95002A1374 /* FetchImage */; };
		CF36884C254DC019002A1374 /* MovieModel.swift in Sources */ = {isa = PBXBuildFile; fileRef = CF36884B254DC019002A1374 /* MovieModel.swift */; };
		CF368867254DC79A002A1374 /* MuCardTypeEnum.swift in Sources */ = {isa = PBXBuildFile; fileRef = CF368866254DC79A002A1374 /* MuCardTypeEnum.swift */; };
		CF36887B254DD183002A1374 /* MovieCategoryListView.swift in Sources */ = {isa = PBXBuildFile; fileRef = CF36887A254DD183002A1374 /* MovieCategoryListView.swift */; };
		CF368880254DD194002A1374 /* MovieCategoryListViewModel.swift in Sources */ = {isa = PBXBuildFile; fileRef = CF36887F254DD194002A1374 /* MovieCategoryListViewModel.swift */; };
		CF368885254DD24C002A1374 /* MovieCategoryModel.swift in Sources */ = {isa = PBXBuildFile; fileRef = CF368884254DD24C002A1374 /* MovieCategoryModel.swift */; };
		CF36888A254DD3AF002A1374 /* MoviesCategoryView.swift in Sources */ = {isa = PBXBuildFile; fileRef = CF368889254DD3AF002A1374 /* MoviesCategoryView.swift */; };
		CF36889E254DE1BA002A1374 /* MovieCategoryEnum.swift in Sources */ = {isa = PBXBuildFile; fileRef = CF36889D254DE1BA002A1374 /* MovieCategoryEnum.swift */; };
		CF368916254E4844002A1374 /* FullScreenLoadingView.swift in Sources */ = {isa = PBXBuildFile; fileRef = CF368915254E4844002A1374 /* FullScreenLoadingView.swift */; };
		CF368921254E50EF002A1374 /* ImageView.swift in Sources */ = {isa = PBXBuildFile; fileRef = CF368920254E50EF002A1374 /* ImageView.swift */; };
		CF9FD343254CD19A0040E2CF /* Api.swift in Sources */ = {isa = PBXBuildFile; fileRef = CF3176A4254B91E500C877E3 /* Api.swift */; };
		CF9FD348254CD1EA0040E2CF /* ApiSupport.swift in Sources */ = {isa = PBXBuildFile; fileRef = CF9FD347254CD1EA0040E2CF /* ApiSupport.swift */; };
		CF9FD351254CDB4E0040E2CF /* MovieDetailView.swift in Sources */ = {isa = PBXBuildFile; fileRef = CF9FD350254CDB4E0040E2CF /* MovieDetailView.swift */; };
		CF9FD356254CDB690040E2CF /* MovieDetailViewModel.swift in Sources */ = {isa = PBXBuildFile; fileRef = CF9FD355254CDB690040E2CF /* MovieDetailViewModel.swift */; };
		CF9FD35C254CDBA00040E2CF /* MovieDetailModel.swift in Sources */ = {isa = PBXBuildFile; fileRef = CF9FD35B254CDBA00040E2CF /* MovieDetailModel.swift */; };
		CF9FD39C254CF58C0040E2CF /* ViewModelWithRequest.swift in Sources */ = {isa = PBXBuildFile; fileRef = CF9FD39B254CF58C0040E2CF /* ViewModelWithRequest.swift */; };
		CF9FD3BE254CFBA90040E2CF /* Color+Pallete.swift in Sources */ = {isa = PBXBuildFile; fileRef = CF9FD3BD254CFBA90040E2CF /* Color+Pallete.swift */; };
		CFDE95A1254CCCEA005C0E19 /* Enpoint.swift in Sources */ = {isa = PBXBuildFile; fileRef = CFDE95A0254CCCEA005C0E19 /* Enpoint.swift */; };
/* End PBXBuildFile section */

/* Begin PBXContainerItemProxy section */
		CF317677254B90DE00C877E3 /* PBXContainerItemProxy */ = {
			isa = PBXContainerItemProxy;
			containerPortal = CF31765D254B90DC00C877E3 /* Project object */;
			proxyType = 1;
			remoteGlobalIDString = CF317664254B90DC00C877E3;
			remoteInfo = Muuuvie;
		};
		CF317682254B90DE00C877E3 /* PBXContainerItemProxy */ = {
			isa = PBXContainerItemProxy;
			containerPortal = CF31765D254B90DC00C877E3 /* Project object */;
			proxyType = 1;
			remoteGlobalIDString = CF317664254B90DC00C877E3;
			remoteInfo = Muuuvie;
		};
/* End PBXContainerItemProxy section */

/* Begin PBXFileReference section */
		A7006B7D254DEF9600E1342F /* IconButtonThemeEnum.swift */ = {isa = PBXFileReference; lastKnownFileType = sourcecode.swift; path = IconButtonThemeEnum.swift; sourceTree = "<group>"; };
		A7006B89254DFEF500E1342F /* ArtistDetailView.swift */ = {isa = PBXFileReference; lastKnownFileType = sourcecode.swift; path = ArtistDetailView.swift; sourceTree = "<group>"; };
		A7006B91254DFF0500E1342F /* ArtistDetailViewModel.swift */ = {isa = PBXFileReference; lastKnownFileType = sourcecode.swift; path = ArtistDetailViewModel.swift; sourceTree = "<group>"; };
		A7006B96254DFFDE00E1342F /* ArtistDetailModel.swift */ = {isa = PBXFileReference; lastKnownFileType = sourcecode.swift; path = ArtistDetailModel.swift; sourceTree = "<group>"; };
		A7006B9B254E0C9F00E1342F /* Date+Formatter.swift */ = {isa = PBXFileReference; lastKnownFileType = sourcecode.swift; path = "Date+Formatter.swift"; sourceTree = "<group>"; };
		A7006BAC254F3CB600E1342F /* Image+Icons.swift */ = {isa = PBXFileReference; lastKnownFileType = sourcecode.swift; path = "Image+Icons.swift"; sourceTree = "<group>"; };
		A7006BCA255065C800E1342F /* Decoder+Date.swift */ = {isa = PBXFileReference; lastKnownFileType = sourcecode.swift; path = "Decoder+Date.swift"; sourceTree = "<group>"; };
		A70E95822557181300152D85 /* TVCategoriesListView.swift */ = {isa = PBXFileReference; lastKnownFileType = sourcecode.swift; path = TVCategoriesListView.swift; sourceTree = "<group>"; };
		A70E958A2557182300152D85 /* TVCategoriesListViewModel.swift */ = {isa = PBXFileReference; lastKnownFileType = sourcecode.swift; path = TVCategoriesListViewModel.swift; sourceTree = "<group>"; };
		A70E958F25571A0A00152D85 /* TVCategoryView.swift */ = {isa = PBXFileReference; lastKnownFileType = sourcecode.swift; path = TVCategoryView.swift; sourceTree = "<group>"; };
		A70E959425571A7400152D85 /* TVModel.swift */ = {isa = PBXFileReference; lastKnownFileType = sourcecode.swift; path = TVModel.swift; sourceTree = "<group>"; };
		A70E959925571B1A00152D85 /* TVCategoryModel.swift */ = {isa = PBXFileReference; lastKnownFileType = sourcecode.swift; path = TVCategoryModel.swift; sourceTree = "<group>"; };
		A70E959E25571BE500152D85 /* TVCategoryEnum.swift */ = {isa = PBXFileReference; lastKnownFileType = sourcecode.swift; path = TVCategoryEnum.swift; sourceTree = "<group>"; };
		A7492C09254DE574009E9BCD /* IconButtonView.swift */ = {isa = PBXFileReference; lastKnownFileType = sourcecode.swift; path = IconButtonView.swift; sourceTree = "<group>"; };
		CF317665254B90DC00C877E3 /* Muuuvie.app */ = {isa = PBXFileReference; explicitFileType = wrapper.application; includeInIndex = 0; path = Muuuvie.app; sourceTree = BUILT_PRODUCTS_DIR; };
		CF317668254B90DC00C877E3 /* MuuuvieApp.swift */ = {isa = PBXFileReference; lastKnownFileType = sourcecode.swift; path = MuuuvieApp.swift; sourceTree = "<group>"; };
		CF31766A254B90DC00C877E3 /* ContentView.swift */ = {isa = PBXFileReference; lastKnownFileType = sourcecode.swift; path = ContentView.swift; sourceTree = "<group>"; };
		CF31766C254B90DE00C877E3 /* Assets.xcassets */ = {isa = PBXFileReference; lastKnownFileType = folder.assetcatalog; path = Assets.xcassets; sourceTree = "<group>"; };
		CF31766F254B90DE00C877E3 /* Preview Assets.xcassets */ = {isa = PBXFileReference; lastKnownFileType = folder.assetcatalog; path = "Preview Assets.xcassets"; sourceTree = "<group>"; };
		CF317671254B90DE00C877E3 /* Info.plist */ = {isa = PBXFileReference; lastKnownFileType = text.plist.xml; path = Info.plist; sourceTree = "<group>"; };
		CF317676254B90DE00C877E3 /* MuuuvieTests.xctest */ = {isa = PBXFileReference; explicitFileType = wrapper.cfbundle; includeInIndex = 0; path = MuuuvieTests.xctest; sourceTree = BUILT_PRODUCTS_DIR; };
		CF31767A254B90DE00C877E3 /* MuuuvieTests.swift */ = {isa = PBXFileReference; lastKnownFileType = sourcecode.swift; path = MuuuvieTests.swift; sourceTree = "<group>"; };
		CF31767C254B90DE00C877E3 /* Info.plist */ = {isa = PBXFileReference; lastKnownFileType = text.plist.xml; path = Info.plist; sourceTree = "<group>"; };
		CF317681254B90DE00C877E3 /* MuuuvieUITests.xctest */ = {isa = PBXFileReference; explicitFileType = wrapper.cfbundle; includeInIndex = 0; path = MuuuvieUITests.xctest; sourceTree = BUILT_PRODUCTS_DIR; };
		CF317685254B90DE00C877E3 /* MuuuvieUITests.swift */ = {isa = PBXFileReference; lastKnownFileType = sourcecode.swift; path = MuuuvieUITests.swift; sourceTree = "<group>"; };
		CF317687254B90DE00C877E3 /* Info.plist */ = {isa = PBXFileReference; lastKnownFileType = text.plist.xml; path = Info.plist; sourceTree = "<group>"; };
		CF3176A4254B91E500C877E3 /* Api.swift */ = {isa = PBXFileReference; lastKnownFileType = sourcecode.swift; path = Api.swift; sourceTree = "<group>"; };
		CF368836254D9C77002A1374 /* MuCardView.swift */ = {isa = PBXFileReference; lastKnownFileType = sourcecode.swift; path = MuCardView.swift; sourceTree = "<group>"; };
		CF36884B254DC019002A1374 /* MovieModel.swift */ = {isa = PBXFileReference; lastKnownFileType = sourcecode.swift; path = MovieModel.swift; sourceTree = "<group>"; };
		CF368866254DC79A002A1374 /* MuCardTypeEnum.swift */ = {isa = PBXFileReference; lastKnownFileType = sourcecode.swift; path = MuCardTypeEnum.swift; sourceTree = "<group>"; };
		CF36887A254DD183002A1374 /* MovieCategoryListView.swift */ = {isa = PBXFileReference; lastKnownFileType = sourcecode.swift; path = MovieCategoryListView.swift; sourceTree = "<group>"; };
		CF36887F254DD194002A1374 /* MovieCategoryListViewModel.swift */ = {isa = PBXFileReference; lastKnownFileType = sourcecode.swift; path = MovieCategoryListViewModel.swift; sourceTree = "<group>"; };
		CF368884254DD24C002A1374 /* MovieCategoryModel.swift */ = {isa = PBXFileReference; lastKnownFileType = sourcecode.swift; path = MovieCategoryModel.swift; sourceTree = "<group>"; };
		CF368889254DD3AF002A1374 /* MoviesCategoryView.swift */ = {isa = PBXFileReference; lastKnownFileType = sourcecode.swift; path = MoviesCategoryView.swift; sourceTree = "<group>"; };
		CF36889D254DE1BA002A1374 /* MovieCategoryEnum.swift */ = {isa = PBXFileReference; lastKnownFileType = sourcecode.swift; path = MovieCategoryEnum.swift; sourceTree = "<group>"; };
		CF368915254E4844002A1374 /* FullScreenLoadingView.swift */ = {isa = PBXFileReference; lastKnownFileType = sourcecode.swift; path = FullScreenLoadingView.swift; sourceTree = "<group>"; };
		CF368920254E50EF002A1374 /* ImageView.swift */ = {isa = PBXFileReference; lastKnownFileType = sourcecode.swift; path = ImageView.swift; sourceTree = "<group>"; };
		CF9FD347254CD1EA0040E2CF /* ApiSupport.swift */ = {isa = PBXFileReference; lastKnownFileType = sourcecode.swift; path = ApiSupport.swift; sourceTree = "<group>"; };
		CF9FD350254CDB4E0040E2CF /* MovieDetailView.swift */ = {isa = PBXFileReference; lastKnownFileType = sourcecode.swift; path = MovieDetailView.swift; sourceTree = "<group>"; };
		CF9FD355254CDB690040E2CF /* MovieDetailViewModel.swift */ = {isa = PBXFileReference; lastKnownFileType = sourcecode.swift; path = MovieDetailViewModel.swift; sourceTree = "<group>"; };
		CF9FD35B254CDBA00040E2CF /* MovieDetailModel.swift */ = {isa = PBXFileReference; lastKnownFileType = sourcecode.swift; path = MovieDetailModel.swift; sourceTree = "<group>"; };
		CF9FD39B254CF58C0040E2CF /* ViewModelWithRequest.swift */ = {isa = PBXFileReference; lastKnownFileType = sourcecode.swift; path = ViewModelWithRequest.swift; sourceTree = "<group>"; };
		CF9FD3BD254CFBA90040E2CF /* Color+Pallete.swift */ = {isa = PBXFileReference; lastKnownFileType = sourcecode.swift; path = "Color+Pallete.swift"; sourceTree = "<group>"; };
		CFDE95A0254CCCEA005C0E19 /* Enpoint.swift */ = {isa = PBXFileReference; lastKnownFileType = sourcecode.swift; path = Enpoint.swift; sourceTree = "<group>"; };
/* End PBXFileReference section */

/* Begin PBXFrameworksBuildPhase section */
		CF317662254B90DC00C877E3 /* Frameworks */ = {
			isa = PBXFrameworksBuildPhase;
			buildActionMask = 2147483647;
			files = (
				CF36883D254D9D72002A1374 /* Nuke in Frameworks */,
				CF368843254D9D95002A1374 /* FetchImage in Frameworks */,
			);
			runOnlyForDeploymentPostprocessing = 0;
		};
		CF317673254B90DE00C877E3 /* Frameworks */ = {
			isa = PBXFrameworksBuildPhase;
			buildActionMask = 2147483647;
			files = (
			);
			runOnlyForDeploymentPostprocessing = 0;
		};
		CF31767E254B90DE00C877E3 /* Frameworks */ = {
			isa = PBXFrameworksBuildPhase;
			buildActionMask = 2147483647;
			files = (
			);
			runOnlyForDeploymentPostprocessing = 0;
		};
/* End PBXFrameworksBuildPhase section */

/* Begin PBXGroup section */
		A7006B88254DFEDE00E1342F /* ArtistDetail */ = {
			isa = PBXGroup;
			children = (
				A7006B89254DFEF500E1342F /* ArtistDetailView.swift */,
				A7006B91254DFF0500E1342F /* ArtistDetailViewModel.swift */,
			);
			path = ArtistDetail;
			sourceTree = "<group>";
		};
		A70E9581255717EC00152D85 /* TVCategoriesList */ = {
			isa = PBXGroup;
			children = (
				A70E95822557181300152D85 /* TVCategoriesListView.swift */,
				A70E958A2557182300152D85 /* TVCategoriesListViewModel.swift */,
			);
			path = TVCategoriesList;
			sourceTree = "<group>";
		};
		CF31765C254B90DC00C877E3 = {
			isa = PBXGroup;
			children = (
				CF317667254B90DC00C877E3 /* Muuuvie */,
				CF317679254B90DE00C877E3 /* MuuuvieTests */,
				CF317684254B90DE00C877E3 /* MuuuvieUITests */,
				CF317666254B90DC00C877E3 /* Products */,
			);
			sourceTree = "<group>";
		};
		CF317666254B90DC00C877E3 /* Products */ = {
			isa = PBXGroup;
			children = (
				CF317665254B90DC00C877E3 /* Muuuvie.app */,
				CF317676254B90DE00C877E3 /* MuuuvieTests.xctest */,
				CF317681254B90DE00C877E3 /* MuuuvieUITests.xctest */,
			);
			name = Products;
			sourceTree = "<group>";
		};
		CF317667254B90DC00C877E3 /* Muuuvie */ = {
			isa = PBXGroup;
			children = (
				CF368865254DC779002A1374 /* Enums */,
				CF9FD39A254CF5580040E2CF /* Protocols */,
				CF9FD35A254CDB890040E2CF /* Models */,
				CF317699254B915800C877E3 /* Components */,
				CF317698254B914B00C877E3 /* Extensions */,
				CF317697254B914100C877E3 /* Modules */,
				CF317696254B913900C877E3 /* Api */,
				CF317668254B90DC00C877E3 /* MuuuvieApp.swift */,
				CF31766A254B90DC00C877E3 /* ContentView.swift */,
				CF31766C254B90DE00C877E3 /* Assets.xcassets */,
				CF317671254B90DE00C877E3 /* Info.plist */,
				CF31766E254B90DE00C877E3 /* Preview Content */,
			);
			path = Muuuvie;
			sourceTree = "<group>";
		};
		CF31766E254B90DE00C877E3 /* Preview Content */ = {
			isa = PBXGroup;
			children = (
				CF31766F254B90DE00C877E3 /* Preview Assets.xcassets */,
			);
			path = "Preview Content";
			sourceTree = "<group>";
		};
		CF317679254B90DE00C877E3 /* MuuuvieTests */ = {
			isa = PBXGroup;
			children = (
				CF31767A254B90DE00C877E3 /* MuuuvieTests.swift */,
				CF31767C254B90DE00C877E3 /* Info.plist */,
			);
			path = MuuuvieTests;
			sourceTree = "<group>";
		};
		CF317684254B90DE00C877E3 /* MuuuvieUITests */ = {
			isa = PBXGroup;
			children = (
				CF317685254B90DE00C877E3 /* MuuuvieUITests.swift */,
				CF317687254B90DE00C877E3 /* Info.plist */,
			);
			path = MuuuvieUITests;
			sourceTree = "<group>";
		};
		CF317696254B913900C877E3 /* Api */ = {
			isa = PBXGroup;
			children = (
				CF3176A4254B91E500C877E3 /* Api.swift */,
				CFDE95A0254CCCEA005C0E19 /* Enpoint.swift */,
				CF9FD347254CD1EA0040E2CF /* ApiSupport.swift */,
			);
			path = Api;
			sourceTree = "<group>";
		};
		CF317697254B914100C877E3 /* Modules */ = {
			isa = PBXGroup;
			children = (
				A70E9581255717EC00152D85 /* TVCategoriesList */,
				A7006B88254DFEDE00E1342F /* ArtistDetail */,
				CF368879254DD169002A1374 /* MoviesCategoriesList */,
				CF9FD34F254CDADF0040E2CF /* MovieDetail */,
			);
			path = Modules;
			sourceTree = "<group>";
		};
		CF317698254B914B00C877E3 /* Extensions */ = {
			isa = PBXGroup;
			children = (
				CF9FD3BD254CFBA90040E2CF /* Color+Pallete.swift */,
				A7006B9B254E0C9F00E1342F /* Date+Formatter.swift */,
				A7006BAC254F3CB600E1342F /* Image+Icons.swift */,
				A7006BCA255065C800E1342F /* Decoder+Date.swift */,
			);
			path = Extensions;
			sourceTree = "<group>";
		};
		CF317699254B915800C877E3 /* Components */ = {
			isa = PBXGroup;
			children = (
				A7492C09254DE574009E9BCD /* IconButtonView.swift */,
				CF368836254D9C77002A1374 /* MuCardView.swift */,
				CF368889254DD3AF002A1374 /* MoviesCategoryView.swift */,
				CF368915254E4844002A1374 /* FullScreenLoadingView.swift */,
				CF368920254E50EF002A1374 /* ImageView.swift */,
				A70E958F25571A0A00152D85 /* TVCategoryView.swift */,
			);
			path = Components;
			sourceTree = "<group>";
		};
		CF368865254DC779002A1374 /* Enums */ = {
			isa = PBXGroup;
			children = (
				A7006B7D254DEF9600E1342F /* IconButtonThemeEnum.swift */,
				CF368866254DC79A002A1374 /* MuCardTypeEnum.swift */,
				CF36889D254DE1BA002A1374 /* MovieCategoryEnum.swift */,
				A70E959E25571BE500152D85 /* TVCategoryEnum.swift */,
			);
			path = Enums;
			sourceTree = "<group>";
		};
		CF368879254DD169002A1374 /* MoviesCategoriesList */ = {
			isa = PBXGroup;
			children = (
				CF36887A254DD183002A1374 /* MovieCategoryListView.swift */,
				CF36887F254DD194002A1374 /* MovieCategoryListViewModel.swift */,
			);
			path = MoviesCategoriesList;
			sourceTree = "<group>";
		};
		CF9FD34F254CDADF0040E2CF /* MovieDetail */ = {
			isa = PBXGroup;
			children = (
				CF9FD350254CDB4E0040E2CF /* MovieDetailView.swift */,
				CF9FD355254CDB690040E2CF /* MovieDetailViewModel.swift */,
			);
			path = MovieDetail;
			sourceTree = "<group>";
		};
		CF9FD35A254CDB890040E2CF /* Models */ = {
			isa = PBXGroup;
			children = (
				CF9FD35B254CDBA00040E2CF /* MovieDetailModel.swift */,
				CF36884B254DC019002A1374 /* MovieModel.swift */,
				CF368884254DD24C002A1374 /* MovieCategoryModel.swift */,
				A7006B96254DFFDE00E1342F /* ArtistDetailModel.swift */,
				A70E959425571A7400152D85 /* TVModel.swift */,
				A70E959925571B1A00152D85 /* TVCategoryModel.swift */,
			);
			path = Models;
			sourceTree = "<group>";
		};
		CF9FD39A254CF5580040E2CF /* Protocols */ = {
			isa = PBXGroup;
			children = (
				CF9FD39B254CF58C0040E2CF /* ViewModelWithRequest.swift */,
			);
			path = Protocols;
			sourceTree = "<group>";
		};
/* End PBXGroup section */

/* Begin PBXNativeTarget section */
		CF317664254B90DC00C877E3 /* Muuuvie */ = {
			isa = PBXNativeTarget;
			buildConfigurationList = CF31768A254B90DE00C877E3 /* Build configuration list for PBXNativeTarget "Muuuvie" */;
			buildPhases = (
				CF317661254B90DC00C877E3 /* Sources */,
				CF317662254B90DC00C877E3 /* Frameworks */,
				CF317663254B90DC00C877E3 /* Resources */,
			);
			buildRules = (
			);
			dependencies = (
			);
			name = Muuuvie;
			packageProductDependencies = (
				CF36883C254D9D72002A1374 /* Nuke */,
				CF368842254D9D95002A1374 /* FetchImage */,
			);
			productName = Muuuvie;
			productReference = CF317665254B90DC00C877E3 /* Muuuvie.app */;
			productType = "com.apple.product-type.application";
		};
		CF317675254B90DE00C877E3 /* MuuuvieTests */ = {
			isa = PBXNativeTarget;
			buildConfigurationList = CF31768D254B90DE00C877E3 /* Build configuration list for PBXNativeTarget "MuuuvieTests" */;
			buildPhases = (
				CF317672254B90DE00C877E3 /* Sources */,
				CF317673254B90DE00C877E3 /* Frameworks */,
				CF317674254B90DE00C877E3 /* Resources */,
			);
			buildRules = (
			);
			dependencies = (
				CF317678254B90DE00C877E3 /* PBXTargetDependency */,
			);
			name = MuuuvieTests;
			productName = MuuuvieTests;
			productReference = CF317676254B90DE00C877E3 /* MuuuvieTests.xctest */;
			productType = "com.apple.product-type.bundle.unit-test";
		};
		CF317680254B90DE00C877E3 /* MuuuvieUITests */ = {
			isa = PBXNativeTarget;
			buildConfigurationList = CF317690254B90DE00C877E3 /* Build configuration list for PBXNativeTarget "MuuuvieUITests" */;
			buildPhases = (
				CF31767D254B90DE00C877E3 /* Sources */,
				CF31767E254B90DE00C877E3 /* Frameworks */,
				CF31767F254B90DE00C877E3 /* Resources */,
			);
			buildRules = (
			);
			dependencies = (
				CF317683254B90DE00C877E3 /* PBXTargetDependency */,
			);
			name = MuuuvieUITests;
			productName = MuuuvieUITests;
			productReference = CF317681254B90DE00C877E3 /* MuuuvieUITests.xctest */;
			productType = "com.apple.product-type.bundle.ui-testing";
		};
/* End PBXNativeTarget section */

/* Begin PBXProject section */
		CF31765D254B90DC00C877E3 /* Project object */ = {
			isa = PBXProject;
			attributes = {
				LastSwiftUpdateCheck = 1200;
				LastUpgradeCheck = 1200;
				TargetAttributes = {
					CF317664254B90DC00C877E3 = {
						CreatedOnToolsVersion = 12.0.1;
					};
					CF317675254B90DE00C877E3 = {
						CreatedOnToolsVersion = 12.0.1;
						TestTargetID = CF317664254B90DC00C877E3;
					};
					CF317680254B90DE00C877E3 = {
						CreatedOnToolsVersion = 12.0.1;
						TestTargetID = CF317664254B90DC00C877E3;
					};
				};
			};
			buildConfigurationList = CF317660254B90DC00C877E3 /* Build configuration list for PBXProject "Muuuvie" */;
			compatibilityVersion = "Xcode 9.3";
			developmentRegion = en;
			hasScannedForEncodings = 0;
			knownRegions = (
				en,
				Base,
			);
			mainGroup = CF31765C254B90DC00C877E3;
			packageReferences = (
				CF36883B254D9D72002A1374 /* XCRemoteSwiftPackageReference "Nuke" */,
				CF368841254D9D95002A1374 /* XCRemoteSwiftPackageReference "FetchImage" */,
			);
			productRefGroup = CF317666254B90DC00C877E3 /* Products */;
			projectDirPath = "";
			projectRoot = "";
			targets = (
				CF317664254B90DC00C877E3 /* Muuuvie */,
				CF317675254B90DE00C877E3 /* MuuuvieTests */,
				CF317680254B90DE00C877E3 /* MuuuvieUITests */,
			);
		};
/* End PBXProject section */

/* Begin PBXResourcesBuildPhase section */
		CF317663254B90DC00C877E3 /* Resources */ = {
			isa = PBXResourcesBuildPhase;
			buildActionMask = 2147483647;
			files = (
				CF317670254B90DE00C877E3 /* Preview Assets.xcassets in Resources */,
				CF31766D254B90DE00C877E3 /* Assets.xcassets in Resources */,
			);
			runOnlyForDeploymentPostprocessing = 0;
		};
		CF317674254B90DE00C877E3 /* Resources */ = {
			isa = PBXResourcesBuildPhase;
			buildActionMask = 2147483647;
			files = (
			);
			runOnlyForDeploymentPostprocessing = 0;
		};
		CF31767F254B90DE00C877E3 /* Resources */ = {
			isa = PBXResourcesBuildPhase;
			buildActionMask = 2147483647;
			files = (
			);
			runOnlyForDeploymentPostprocessing = 0;
		};
/* End PBXResourcesBuildPhase section */

/* Begin PBXSourcesBuildPhase section */
		CF317661254B90DC00C877E3 /* Sources */ = {
			isa = PBXSourcesBuildPhase;
			buildActionMask = 2147483647;
			files = (
				CF368921254E50EF002A1374 /* ImageView.swift in Sources */,
				CF31766B254B90DC00C877E3 /* ContentView.swift in Sources */,
				CF368880254DD194002A1374 /* MovieCategoryListViewModel.swift in Sources */,
				A70E959525571A7400152D85 /* TVModel.swift in Sources */,
				CF36887B254DD183002A1374 /* MovieCategoryListView.swift in Sources */,
				CFDE95A1254CCCEA005C0E19 /* Enpoint.swift in Sources */,
				A70E959025571A0A00152D85 /* TVCategoryView.swift in Sources */,
				CF36888A254DD3AF002A1374 /* MoviesCategoryView.swift in Sources */,
				CF9FD39C254CF58C0040E2CF /* ViewModelWithRequest.swift in Sources */,
				CF9FD35C254CDBA00040E2CF /* MovieDetailModel.swift in Sources */,
				A70E959F25571BE500152D85 /* TVCategoryEnum.swift in Sources */,
				CF368867254DC79A002A1374 /* MuCardTypeEnum.swift in Sources */,
				CF317669254B90DC00C877E3 /* MuuuvieApp.swift in Sources */,
				A7006BAD254F3CB600E1342F /* Image+Icons.swift in Sources */,
				CF9FD343254CD19A0040E2CF /* Api.swift in Sources */,
				A7006BCB255065C800E1342F /* Decoder+Date.swift in Sources */,
				CF9FD356254CDB690040E2CF /* MovieDetailViewModel.swift in Sources */,
				CF9FD348254CD1EA0040E2CF /* ApiSupport.swift in Sources */,
				A7006B9C254E0C9F00E1342F /* Date+Formatter.swift in Sources */,
				A7006B92254DFF0500E1342F /* ArtistDetailViewModel.swift in Sources */,
				CF36889E254DE1BA002A1374 /* MovieCategoryEnum.swift in Sources */,
				A7006B8A254DFEF500E1342F /* ArtistDetailView.swift in Sources */,
				A70E959A25571B1A00152D85 /* TVCategoryModel.swift in Sources */,
				CF36884C254DC019002A1374 /* MovieModel.swift in Sources */,
				A70E958B2557182300152D85 /* TVCategoriesListViewModel.swift in Sources */,
				A7006B97254DFFDE00E1342F /* ArtistDetailModel.swift in Sources */,
				CF368885254DD24C002A1374 /* MovieCategoryModel.swift in Sources */,
				CF9FD3BE254CFBA90040E2CF /* Color+Pallete.swift in Sources */,
				A7006B7E254DEF9600E1342F /* IconButtonThemeEnum.swift in Sources */,
				CF9FD351254CDB4E0040E2CF /* MovieDetailView.swift in Sources */,
				A7492C0A254DE574009E9BCD /* IconButtonView.swift in Sources */,
				A70E95832557181300152D85 /* TVCategoriesListView.swift in Sources */,
				CF368837254D9C77002A1374 /* MuCardView.swift in Sources */,
				CF368916254E4844002A1374 /* FullScreenLoadingView.swift in Sources */,
			);
			runOnlyForDeploymentPostprocessing = 0;
		};
		CF317672254B90DE00C877E3 /* Sources */ = {
			isa = PBXSourcesBuildPhase;
			buildActionMask = 2147483647;
			files = (
				CF31767B254B90DE00C877E3 /* MuuuvieTests.swift in Sources */,
			);
			runOnlyForDeploymentPostprocessing = 0;
		};
		CF31767D254B90DE00C877E3 /* Sources */ = {
			isa = PBXSourcesBuildPhase;
			buildActionMask = 2147483647;
			files = (
				CF317686254B90DE00C877E3 /* MuuuvieUITests.swift in Sources */,
			);
			runOnlyForDeploymentPostprocessing = 0;
		};
/* End PBXSourcesBuildPhase section */

/* Begin PBXTargetDependency section */
		CF317678254B90DE00C877E3 /* PBXTargetDependency */ = {
			isa = PBXTargetDependency;
			target = CF317664254B90DC00C877E3 /* Muuuvie */;
			targetProxy = CF317677254B90DE00C877E3 /* PBXContainerItemProxy */;
		};
		CF317683254B90DE00C877E3 /* PBXTargetDependency */ = {
			isa = PBXTargetDependency;
			target = CF317664254B90DC00C877E3 /* Muuuvie */;
			targetProxy = CF317682254B90DE00C877E3 /* PBXContainerItemProxy */;
		};
/* End PBXTargetDependency section */

/* Begin XCBuildConfiguration section */
		CF317688254B90DE00C877E3 /* Debug */ = {
			isa = XCBuildConfiguration;
			buildSettings = {
				ALWAYS_SEARCH_USER_PATHS = NO;
				CLANG_ANALYZER_NONNULL = YES;
				CLANG_ANALYZER_NUMBER_OBJECT_CONVERSION = YES_AGGRESSIVE;
				CLANG_CXX_LANGUAGE_STANDARD = "gnu++14";
				CLANG_CXX_LIBRARY = "libc++";
				CLANG_ENABLE_MODULES = YES;
				CLANG_ENABLE_OBJC_ARC = YES;
				CLANG_ENABLE_OBJC_WEAK = YES;
				CLANG_WARN_BLOCK_CAPTURE_AUTORELEASING = YES;
				CLANG_WARN_BOOL_CONVERSION = YES;
				CLANG_WARN_COMMA = YES;
				CLANG_WARN_CONSTANT_CONVERSION = YES;
				CLANG_WARN_DEPRECATED_OBJC_IMPLEMENTATIONS = YES;
				CLANG_WARN_DIRECT_OBJC_ISA_USAGE = YES_ERROR;
				CLANG_WARN_DOCUMENTATION_COMMENTS = YES;
				CLANG_WARN_EMPTY_BODY = YES;
				CLANG_WARN_ENUM_CONVERSION = YES;
				CLANG_WARN_INFINITE_RECURSION = YES;
				CLANG_WARN_INT_CONVERSION = YES;
				CLANG_WARN_NON_LITERAL_NULL_CONVERSION = YES;
				CLANG_WARN_OBJC_IMPLICIT_RETAIN_SELF = YES;
				CLANG_WARN_OBJC_LITERAL_CONVERSION = YES;
				CLANG_WARN_OBJC_ROOT_CLASS = YES_ERROR;
				CLANG_WARN_QUOTED_INCLUDE_IN_FRAMEWORK_HEADER = YES;
				CLANG_WARN_RANGE_LOOP_ANALYSIS = YES;
				CLANG_WARN_STRICT_PROTOTYPES = YES;
				CLANG_WARN_SUSPICIOUS_MOVE = YES;
				CLANG_WARN_UNGUARDED_AVAILABILITY = YES_AGGRESSIVE;
				CLANG_WARN_UNREACHABLE_CODE = YES;
				CLANG_WARN__DUPLICATE_METHOD_MATCH = YES;
				COPY_PHASE_STRIP = NO;
				DEBUG_INFORMATION_FORMAT = dwarf;
				ENABLE_STRICT_OBJC_MSGSEND = YES;
				ENABLE_TESTABILITY = YES;
				GCC_C_LANGUAGE_STANDARD = gnu11;
				GCC_DYNAMIC_NO_PIC = NO;
				GCC_NO_COMMON_BLOCKS = YES;
				GCC_OPTIMIZATION_LEVEL = 0;
				GCC_PREPROCESSOR_DEFINITIONS = (
					"DEBUG=1",
					"$(inherited)",
				);
				GCC_WARN_64_TO_32_BIT_CONVERSION = YES;
				GCC_WARN_ABOUT_RETURN_TYPE = YES_ERROR;
				GCC_WARN_UNDECLARED_SELECTOR = YES;
				GCC_WARN_UNINITIALIZED_AUTOS = YES_AGGRESSIVE;
				GCC_WARN_UNUSED_FUNCTION = YES;
				GCC_WARN_UNUSED_VARIABLE = YES;
				IPHONEOS_DEPLOYMENT_TARGET = 14.0;
				MTL_ENABLE_DEBUG_INFO = INCLUDE_SOURCE;
				MTL_FAST_MATH = YES;
				ONLY_ACTIVE_ARCH = YES;
				SDKROOT = iphoneos;
				SWIFT_ACTIVE_COMPILATION_CONDITIONS = DEBUG;
				SWIFT_OPTIMIZATION_LEVEL = "-Onone";
			};
			name = Debug;
		};
		CF317689254B90DE00C877E3 /* Release */ = {
			isa = XCBuildConfiguration;
			buildSettings = {
				ALWAYS_SEARCH_USER_PATHS = NO;
				CLANG_ANALYZER_NONNULL = YES;
				CLANG_ANALYZER_NUMBER_OBJECT_CONVERSION = YES_AGGRESSIVE;
				CLANG_CXX_LANGUAGE_STANDARD = "gnu++14";
				CLANG_CXX_LIBRARY = "libc++";
				CLANG_ENABLE_MODULES = YES;
				CLANG_ENABLE_OBJC_ARC = YES;
				CLANG_ENABLE_OBJC_WEAK = YES;
				CLANG_WARN_BLOCK_CAPTURE_AUTORELEASING = YES;
				CLANG_WARN_BOOL_CONVERSION = YES;
				CLANG_WARN_COMMA = YES;
				CLANG_WARN_CONSTANT_CONVERSION = YES;
				CLANG_WARN_DEPRECATED_OBJC_IMPLEMENTATIONS = YES;
				CLANG_WARN_DIRECT_OBJC_ISA_USAGE = YES_ERROR;
				CLANG_WARN_DOCUMENTATION_COMMENTS = YES;
				CLANG_WARN_EMPTY_BODY = YES;
				CLANG_WARN_ENUM_CONVERSION = YES;
				CLANG_WARN_INFINITE_RECURSION = YES;
				CLANG_WARN_INT_CONVERSION = YES;
				CLANG_WARN_NON_LITERAL_NULL_CONVERSION = YES;
				CLANG_WARN_OBJC_IMPLICIT_RETAIN_SELF = YES;
				CLANG_WARN_OBJC_LITERAL_CONVERSION = YES;
				CLANG_WARN_OBJC_ROOT_CLASS = YES_ERROR;
				CLANG_WARN_QUOTED_INCLUDE_IN_FRAMEWORK_HEADER = YES;
				CLANG_WARN_RANGE_LOOP_ANALYSIS = YES;
				CLANG_WARN_STRICT_PROTOTYPES = YES;
				CLANG_WARN_SUSPICIOUS_MOVE = YES;
				CLANG_WARN_UNGUARDED_AVAILABILITY = YES_AGGRESSIVE;
				CLANG_WARN_UNREACHABLE_CODE = YES;
				CLANG_WARN__DUPLICATE_METHOD_MATCH = YES;
				COPY_PHASE_STRIP = NO;
				DEBUG_INFORMATION_FORMAT = "dwarf-with-dsym";
				ENABLE_NS_ASSERTIONS = NO;
				ENABLE_STRICT_OBJC_MSGSEND = YES;
				GCC_C_LANGUAGE_STANDARD = gnu11;
				GCC_NO_COMMON_BLOCKS = YES;
				GCC_WARN_64_TO_32_BIT_CONVERSION = YES;
				GCC_WARN_ABOUT_RETURN_TYPE = YES_ERROR;
				GCC_WARN_UNDECLARED_SELECTOR = YES;
				GCC_WARN_UNINITIALIZED_AUTOS = YES_AGGRESSIVE;
				GCC_WARN_UNUSED_FUNCTION = YES;
				GCC_WARN_UNUSED_VARIABLE = YES;
				IPHONEOS_DEPLOYMENT_TARGET = 14.0;
				MTL_ENABLE_DEBUG_INFO = NO;
				MTL_FAST_MATH = YES;
				SDKROOT = iphoneos;
				SWIFT_COMPILATION_MODE = wholemodule;
				SWIFT_OPTIMIZATION_LEVEL = "-O";
				VALIDATE_PRODUCT = YES;
			};
			name = Release;
		};
		CF31768B254B90DE00C877E3 /* Debug */ = {
			isa = XCBuildConfiguration;
			buildSettings = {
				ASSETCATALOG_COMPILER_APPICON_NAME = AppIcon;
				ASSETCATALOG_COMPILER_GLOBAL_ACCENT_COLOR_NAME = AccentColor;
				CODE_SIGN_STYLE = Automatic;
				DEVELOPMENT_ASSET_PATHS = "\"Muuuvie/Preview Content\"";
				DEVELOPMENT_TEAM = 7HRRUS88V3;
				ENABLE_PREVIEWS = YES;
				INFOPLIST_FILE = Muuuvie/Info.plist;
				IPHONEOS_DEPLOYMENT_TARGET = 14.0;
				LD_RUNPATH_SEARCH_PATHS = (
					"$(inherited)",
					"@executable_path/Frameworks",
				);
				PRODUCT_BUNDLE_IDENTIFIER = br.com.cwi.treinamento.ios.Muuuvie;
				PRODUCT_NAME = "$(TARGET_NAME)";
				SWIFT_VERSION = 5.0;
				TARGETED_DEVICE_FAMILY = "1,2";
			};
			name = Debug;
		};
		CF31768C254B90DE00C877E3 /* Release */ = {
			isa = XCBuildConfiguration;
			buildSettings = {
				ASSETCATALOG_COMPILER_APPICON_NAME = AppIcon;
				ASSETCATALOG_COMPILER_GLOBAL_ACCENT_COLOR_NAME = AccentColor;
				CODE_SIGN_STYLE = Automatic;
				DEVELOPMENT_ASSET_PATHS = "\"Muuuvie/Preview Content\"";
				DEVELOPMENT_TEAM = 7HRRUS88V3;
				ENABLE_PREVIEWS = YES;
				INFOPLIST_FILE = Muuuvie/Info.plist;
				IPHONEOS_DEPLOYMENT_TARGET = 14.0;
				LD_RUNPATH_SEARCH_PATHS = (
					"$(inherited)",
					"@executable_path/Frameworks",
				);
				PRODUCT_BUNDLE_IDENTIFIER = br.com.cwi.treinamento.ios.Muuuvie;
				PRODUCT_NAME = "$(TARGET_NAME)";
				SWIFT_VERSION = 5.0;
				TARGETED_DEVICE_FAMILY = "1,2";
			};
			name = Release;
		};
		CF31768E254B90DE00C877E3 /* Debug */ = {
			isa = XCBuildConfiguration;
			buildSettings = {
				ALWAYS_EMBED_SWIFT_STANDARD_LIBRARIES = YES;
				BUNDLE_LOADER = "$(TEST_HOST)";
				CODE_SIGN_STYLE = Automatic;
				DEVELOPMENT_TEAM = 7HRRUS88V3;
				INFOPLIST_FILE = MuuuvieTests/Info.plist;
				IPHONEOS_DEPLOYMENT_TARGET = 14.0;
				LD_RUNPATH_SEARCH_PATHS = (
					"$(inherited)",
					"@executable_path/Frameworks",
					"@loader_path/Frameworks",
				);
				PRODUCT_BUNDLE_IDENTIFIER = br.com.cwi.treinamento.ios.MuuuvieTests;
				PRODUCT_NAME = "$(TARGET_NAME)";
				SWIFT_VERSION = 5.0;
				TARGETED_DEVICE_FAMILY = "1,2";
				TEST_HOST = "$(BUILT_PRODUCTS_DIR)/Muuuvie.app/Muuuvie";
			};
			name = Debug;
		};
		CF31768F254B90DE00C877E3 /* Release */ = {
			isa = XCBuildConfiguration;
			buildSettings = {
				ALWAYS_EMBED_SWIFT_STANDARD_LIBRARIES = YES;
				BUNDLE_LOADER = "$(TEST_HOST)";
				CODE_SIGN_STYLE = Automatic;
				DEVELOPMENT_TEAM = 7HRRUS88V3;
				INFOPLIST_FILE = MuuuvieTests/Info.plist;
				IPHONEOS_DEPLOYMENT_TARGET = 14.0;
				LD_RUNPATH_SEARCH_PATHS = (
					"$(inherited)",
					"@executable_path/Frameworks",
					"@loader_path/Frameworks",
				);
				PRODUCT_BUNDLE_IDENTIFIER = br.com.cwi.treinamento.ios.MuuuvieTests;
				PRODUCT_NAME = "$(TARGET_NAME)";
				SWIFT_VERSION = 5.0;
				TARGETED_DEVICE_FAMILY = "1,2";
				TEST_HOST = "$(BUILT_PRODUCTS_DIR)/Muuuvie.app/Muuuvie";
			};
			name = Release;
		};
		CF317691254B90DE00C877E3 /* Debug */ = {
			isa = XCBuildConfiguration;
			buildSettings = {
				ALWAYS_EMBED_SWIFT_STANDARD_LIBRARIES = YES;
				CODE_SIGN_STYLE = Automatic;
				DEVELOPMENT_TEAM = 7HRRUS88V3;
				INFOPLIST_FILE = MuuuvieUITests/Info.plist;
				LD_RUNPATH_SEARCH_PATHS = (
					"$(inherited)",
					"@executable_path/Frameworks",
					"@loader_path/Frameworks",
				);
				PRODUCT_BUNDLE_IDENTIFIER = br.com.cwi.treinamento.ios.MuuuvieUITests;
				PRODUCT_NAME = "$(TARGET_NAME)";
				SWIFT_VERSION = 5.0;
				TARGETED_DEVICE_FAMILY = "1,2";
				TEST_TARGET_NAME = Muuuvie;
			};
			name = Debug;
		};
		CF317692254B90DE00C877E3 /* Release */ = {
			isa = XCBuildConfiguration;
			buildSettings = {
				ALWAYS_EMBED_SWIFT_STANDARD_LIBRARIES = YES;
				CODE_SIGN_STYLE = Automatic;
				DEVELOPMENT_TEAM = 7HRRUS88V3;
				INFOPLIST_FILE = MuuuvieUITests/Info.plist;
				LD_RUNPATH_SEARCH_PATHS = (
					"$(inherited)",
					"@executable_path/Frameworks",
					"@loader_path/Frameworks",
				);
				PRODUCT_BUNDLE_IDENTIFIER = br.com.cwi.treinamento.ios.MuuuvieUITests;
				PRODUCT_NAME = "$(TARGET_NAME)";
				SWIFT_VERSION = 5.0;
				TARGETED_DEVICE_FAMILY = "1,2";
				TEST_TARGET_NAME = Muuuvie;
			};
			name = Release;
		};
/* End XCBuildConfiguration section */

/* Begin XCConfigurationList section */
		CF317660254B90DC00C877E3 /* Build configuration list for PBXProject "Muuuvie" */ = {
			isa = XCConfigurationList;
			buildConfigurations = (
				CF317688254B90DE00C877E3 /* Debug */,
				CF317689254B90DE00C877E3 /* Release */,
			);
			defaultConfigurationIsVisible = 0;
			defaultConfigurationName = Release;
		};
		CF31768A254B90DE00C877E3 /* Build configuration list for PBXNativeTarget "Muuuvie" */ = {
			isa = XCConfigurationList;
			buildConfigurations = (
				CF31768B254B90DE00C877E3 /* Debug */,
				CF31768C254B90DE00C877E3 /* Release */,
			);
			defaultConfigurationIsVisible = 0;
			defaultConfigurationName = Release;
		};
		CF31768D254B90DE00C877E3 /* Build configuration list for PBXNativeTarget "MuuuvieTests" */ = {
			isa = XCConfigurationList;
			buildConfigurations = (
				CF31768E254B90DE00C877E3 /* Debug */,
				CF31768F254B90DE00C877E3 /* Release */,
			);
			defaultConfigurationIsVisible = 0;
			defaultConfigurationName = Release;
		};
		CF317690254B90DE00C877E3 /* Build configuration list for PBXNativeTarget "MuuuvieUITests" */ = {
			isa = XCConfigurationList;
			buildConfigurations = (
				CF317691254B90DE00C877E3 /* Debug */,
				CF317692254B90DE00C877E3 /* Release */,
			);
			defaultConfigurationIsVisible = 0;
			defaultConfigurationName = Release;
		};
/* End XCConfigurationList section */

/* Begin XCRemoteSwiftPackageReference section */
		CF36883B254D9D72002A1374 /* XCRemoteSwiftPackageReference "Nuke" */ = {
			isa = XCRemoteSwiftPackageReference;
			repositoryURL = "https://github.com/kean/Nuke.git";
			requirement = {
				kind = upToNextMajorVersion;
				minimumVersion = 9.1.2;
			};
		};
		CF368841254D9D95002A1374 /* XCRemoteSwiftPackageReference "FetchImage" */ = {
			isa = XCRemoteSwiftPackageReference;
			repositoryURL = "https://github.com/kean/FetchImage";
			requirement = {
				kind = upToNextMajorVersion;
				minimumVersion = 0.2.1;
			};
		};
/* End XCRemoteSwiftPackageReference section */

/* Begin XCSwiftPackageProductDependency section */
		CF36883C254D9D72002A1374 /* Nuke */ = {
			isa = XCSwiftPackageProductDependency;
			package = CF36883B254D9D72002A1374 /* XCRemoteSwiftPackageReference "Nuke" */;
			productName = Nuke;
		};
		CF368842254D9D95002A1374 /* FetchImage */ = {
			isa = XCSwiftPackageProductDependency;
			package = CF368841254D9D95002A1374 /* XCRemoteSwiftPackageReference "FetchImage" */;
			productName = FetchImage;
		};
/* End XCSwiftPackageProductDependency section */
	};
	rootObject = CF31765D254B90DC00C877E3 /* Project object */;
}
